{
    "version": 3,
    "terraform_version": "0.11.7",
    "serial": 3,
    "lineage": "ff16e1c9-fca1-6fda-3e3e-86bd086a62e0",
    "modules": [
        {
            "path": [
                "root"
            ],
            "outputs": {},
            "resources": {
                "aws_subnet.terraform_private_subnet": {
                    "type": "aws_subnet",
                    "depends_on": [
                        "aws_vpc.terraform_vpc"
                    ],
                    "primary": {
                        "id": "subnet-05a8872e2d12bdd22",
                        "attributes": {
                            "assign_ipv6_address_on_creation": "false",
                            "availability_zone": "us-east-2b",
                            "cidr_block": "192.168.2.0/24",
                            "id": "subnet-05a8872e2d12bdd22",
                            "map_public_ip_on_launch": "false",
                            "tags.%": "1",
                            "tags.Name": "terraform private subnet",
                            "vpc_id": "vpc-0b6eebcee553e64e2"
                        },
                        "meta": {
                            "schema_version": "1"
                        },
                        "tainted": false
                    },
                    "deposed": [],
                    "provider": "provider.aws"
                },
                "aws_subnet.terraform_public_subnet": {
                    "type": "aws_subnet",
                    "depends_on": [
                        "aws_vpc.terraform_vpc"
                    ],
                    "primary": {
                        "id": "subnet-02a5a8ea4b6af91d6",
                        "attributes": {
                            "assign_ipv6_address_on_creation": "false",
                            "availability_zone": "us-east-2a",
                            "cidr_block": "192.168.1.0/24",
                            "id": "subnet-02a5a8ea4b6af91d6",
                            "map_public_ip_on_launch": "false",
                            "tags.%": "1",
                            "tags.Name": "terraform public subnet",
                            "vpc_id": "vpc-0b6eebcee553e64e2"
                        },
                        "meta": {
                            "schema_version": "1"
                        },
                        "tainted": false
                    },
                    "deposed": [],
                    "provider": "provider.aws"
                },
                "aws_vpc.terraform_vpc": {
                    "type": "aws_vpc",
                    "depends_on": [],
                    "primary": {
                        "id": "vpc-0b6eebcee553e64e2",
                        "attributes": {
                            "assign_generated_ipv6_cidr_block": "false",
                            "cidr_block": "192.168.0.0/16",
                            "default_network_acl_id": "acl-01f6251ab7a5ec5ae",
                            "default_route_table_id": "rtb-04c27e813a578d66a",
                            "default_security_group_id": "sg-01ec8671d3b47af24",
                            "dhcp_options_id": "dopt-86b486ee",
                            "enable_dns_hostnames": "true",
                            "enable_dns_support": "true",
                            "id": "vpc-0b6eebcee553e64e2",
                            "instance_tenancy": "default",
                            "main_route_table_id": "rtb-04c27e813a578d66a",
                            "tags.%": "1",
                            "tags.Name": "aws-vpc-terraform"
                        },
                        "meta": {
                            "schema_version": "1"
                        },
                        "tainted": false
                    },
                    "deposed": [],
                    "provider": "provider.aws"
                }
            },
            "depends_on": []
        }
    ]
}
